// !$*UTF8*$!
{
	archiveVersion = 1;
	classes = {
	};
	objectVersion = 46;
	objects = {

/* Begin PBXBuildFile section */
		5016CEFB1AD12A070043327F /* ViewController.xib in Resources */ = {isa = PBXBuildFile; fileRef = 5016CEFA1AD12A070043327F /* ViewController.xib */; };
		507C68571AD089E000D9EA9D /* main.m in Sources */ = {isa = PBXBuildFile; fileRef = 507C68561AD089E000D9EA9D /* main.m */; };
		507C685A1AD089E000D9EA9D /* AppDelegate.m in Sources */ = {isa = PBXBuildFile; fileRef = 507C68591AD089E000D9EA9D /* AppDelegate.m */; };
		507C685D1AD089E000D9EA9D /* ViewController.m in Sources */ = {isa = PBXBuildFile; fileRef = 507C685C1AD089E000D9EA9D /* ViewController.m */; };
		507C68621AD089E000D9EA9D /* Images.xcassets in Resources */ = {isa = PBXBuildFile; fileRef = 507C68611AD089E000D9EA9D /* Images.xcassets */; };
		507C68711AD089E000D9EA9D /* MLPrintablyTests.m in Sources */ = {isa = PBXBuildFile; fileRef = 507C68701AD089E000D9EA9D /* MLPrintablyTests.m */; };
		507C687D1AD08A6C00D9EA9D /* Printably.m in Sources */ = {isa = PBXBuildFile; fileRef = 507C687C1AD08A6C00D9EA9D /* Printably.m */; };
/* End PBXBuildFile section */

/* Begin PBXContainerItemProxy section */
		507C686B1AD089E000D9EA9D /* PBXContainerItemProxy */ = {
			isa = PBXContainerItemProxy;
			containerPortal = 507C68491AD089E000D9EA9D /* Project object */;
			proxyType = 1;
			remoteGlobalIDString = 507C68501AD089E000D9EA9D;
			remoteInfo = MLPrintably;
		};
/* End PBXContainerItemProxy section */

/* Begin PBXFileReference section */
		5016CEFA1AD12A070043327F /* ViewController.xib */ = {isa = PBXFileReference; fileEncoding = 4; lastKnownFileType = file.xib; path = ViewController.xib; sourceTree = "<group>"; };
		507C68511AD089E000D9EA9D /* MLPrintably.app */ = {isa = PBXFileReference; explicitFileType = wrapper.application; includeInIndex = 0; path = MLPrintably.app; sourceTree = BUILT_PRODUCTS_DIR; };
		507C68551AD089E000D9EA9D /* Info.plist */ = {isa = PBXFileReference; lastKnownFileType = text.plist.xml; path = Info.plist; sourceTree = "<group>"; };
		507C68561AD089E000D9EA9D /* main.m */ = {isa = PBXFileReference; lastKnownFileType = sourcecode.c.objc; path = main.m; sourceTree = "<group>"; };
		507C68581AD089E000D9EA9D /* AppDelegate.h */ = {isa = PBXFileReference; lastKnownFileType = sourcecode.c.h; path = AppDelegate.h; sourceTree = "<group>"; };
		507C68591AD089E000D9EA9D /* AppDelegate.m */ = {isa = PBXFileReference; lastKnownFileType = sourcecode.c.objc; path = AppDelegate.m; sourceTree = "<group>"; };
		507C685B1AD089E000D9EA9D /* ViewController.h */ = {isa = PBXFileReference; lastKnownFileType = sourcecode.c.h; path = ViewController.h; sourceTree = "<group>"; };
		507C685C1AD089E000D9EA9D /* ViewController.m */ = {isa = PBXFileReference; lastKnownFileType = sourcecode.c.objc; path = ViewController.m; sourceTree = "<group>"; };
		507C68611AD089E000D9EA9D /* Images.xcassets */ = {isa = PBXFileReference; lastKnownFileType = folder.assetcatalog; path = Images.xcassets; sourceTree = "<group>"; };
		507C686A1AD089E000D9EA9D /* MLPrintablyTests.xctest */ = {isa = PBXFileReference; explicitFileType = wrapper.cfbundle; includeInIndex = 0; path = MLPrintablyTests.xctest; sourceTree = BUILT_PRODUCTS_DIR; };
		507C686F1AD089E000D9EA9D /* Info.plist */ = {isa = PBXFileReference; lastKnownFileType = text.plist.xml; path = Info.plist; sourceTree = "<group>"; };
		507C68701AD089E000D9EA9D /* MLPrintablyTests.m */ = {isa = PBXFileReference; lastKnownFileType = sourcecode.c.objc; path = MLPrintablyTests.m; sourceTree = "<group>"; };
		507C687B1AD08A6C00D9EA9D /* Printably.h */ = {isa = PBXFileReference; fileEncoding = 4; lastKnownFileType = sourcecode.c.h; path = Printably.h; sourceTree = "<group>"; };
		507C687C1AD08A6C00D9EA9D /* Printably.m */ = {isa = PBXFileReference; fileEncoding = 4; lastKnownFileType = sourcecode.c.objc; path = Printably.m; sourceTree = "<group>"; };
/* End PBXFileReference section */

/* Begin PBXFrameworksBuildPhase section */
		507C684E1AD089E000D9EA9D /* Frameworks */ = {
			isa = PBXFrameworksBuildPhase;
			buildActionMask = 2147483647;
			files = (
			);
			runOnlyForDeploymentPostprocessing = 0;
		};
		507C68671AD089E000D9EA9D /* Frameworks */ = {
			isa = PBXFrameworksBuildPhase;
			buildActionMask = 2147483647;
			files = (
			);
			runOnlyForDeploymentPostprocessing = 0;
		};
/* End PBXFrameworksBuildPhase section */

/* Begin PBXGroup section */
		507C68481AD089E000D9EA9D = {
			isa = PBXGroup;
			children = (
				507C68531AD089E000D9EA9D /* MLPrintably */,
				507C686D1AD089E000D9EA9D /* MLPrintablyTests */,
				507C68521AD089E000D9EA9D /* Products */,
			);
			sourceTree = "<group>";
		};
		507C68521AD089E000D9EA9D /* Products */ = {
			isa = PBXGroup;
			children = (
				507C68511AD089E000D9EA9D /* MLPrintably.app */,
				507C686A1AD089E000D9EA9D /* MLPrintablyTests.xctest */,
			);
			name = Products;
			sourceTree = "<group>";
		};
		507C68531AD089E000D9EA9D /* MLPrintably */ = {
			isa = PBXGroup;
			children = (
				507C687A1AD08A3B00D9EA9D /* Printably */,
				5016CEFA1AD12A070043327F /* ViewController.xib */,
				507C685B1AD089E000D9EA9D /* ViewController.h */,
				507C685C1AD089E000D9EA9D /* ViewController.m */,
				507C68581AD089E000D9EA9D /* AppDelegate.h */,
				507C68591AD089E000D9EA9D /* AppDelegate.m */,
				507C68611AD089E000D9EA9D /* Images.xcassets */,
				507C68541AD089E000D9EA9D /* Supporting Files */,
			);
			path = MLPrintably;
			sourceTree = "<group>";
		};
		507C68541AD089E000D9EA9D /* Supporting Files */ = {
			isa = PBXGroup;
			children = (
				507C68551AD089E000D9EA9D /* Info.plist */,
				507C68561AD089E000D9EA9D /* main.m */,
			);
			name = "Supporting Files";
			sourceTree = "<group>";
		};
		507C686D1AD089E000D9EA9D /* MLPrintablyTests */ = {
			isa = PBXGroup;
			children = (
				507C68701AD089E000D9EA9D /* MLPrintablyTests.m */,
				507C686E1AD089E000D9EA9D /* Supporting Files */,
			);
			path = MLPrintablyTests;
			sourceTree = "<group>";
		};
		507C686E1AD089E000D9EA9D /* Supporting Files */ = {
			isa = PBXGroup;
			children = (
				507C686F1AD089E000D9EA9D /* Info.plist */,
			);
			name = "Supporting Files";
			sourceTree = "<group>";
		};
		507C687A1AD08A3B00D9EA9D /* Printably */ = {
			isa = PBXGroup;
			children = (
				507C687B1AD08A6C00D9EA9D /* Printably.h */,
				507C687C1AD08A6C00D9EA9D /* Printably.m */,
			);
			name = Printably;
			sourceTree = "<group>";
		};
/* End PBXGroup section */

/* Begin PBXNativeTarget section */
		507C68501AD089E000D9EA9D /* MLPrintably */ = {
			isa = PBXNativeTarget;
			buildConfigurationList = 507C68741AD089E000D9EA9D /* Build configuration list for PBXNativeTarget "MLPrintably" */;
			buildPhases = (
				507C684D1AD089E000D9EA9D /* Sources */,
				507C684E1AD089E000D9EA9D /* Frameworks */,
				507C684F1AD089E000D9EA9D /* Resources */,
			);
			buildRules = (
			);
			dependencies = (
			);
			name = MLPrintably;
			productName = MLPrintably;
			productReference = 507C68511AD089E000D9EA9D /* MLPrintably.app */;
			productType = "com.apple.product-type.application";
		};
		507C68691AD089E000D9EA9D /* MLPrintablyTests */ = {
			isa = PBXNativeTarget;
			buildConfigurationList = 507C68771AD089E000D9EA9D /* Build configuration list for PBXNativeTarget "MLPrintablyTests" */;
			buildPhases = (
				507C68661AD089E000D9EA9D /* Sources */,
				507C68671AD089E000D9EA9D /* Frameworks */,
				507C68681AD089E000D9EA9D /* Resources */,
			);
			buildRules = (
			);
			dependencies = (
				507C686C1AD089E000D9EA9D /* PBXTargetDependency */,
			);
			name = MLPrintablyTests;
			productName = MLPrintablyTests;
			productReference = 507C686A1AD089E000D9EA9D /* MLPrintablyTests.xctest */;
			productType = "com.apple.product-type.bundle.unit-test";
		};
/* End PBXNativeTarget section */

/* Begin PBXProject section */
		507C68491AD089E000D9EA9D /* Project object */ = {
			isa = PBXProject;
			attributes = {
				LastUpgradeCheck = 0620;
				ORGANIZATIONNAME = Max;
				TargetAttributes = {
					507C68501AD089E000D9EA9D = {
						CreatedOnToolsVersion = 6.2;
					};
					507C68691AD089E000D9EA9D = {
						CreatedOnToolsVersion = 6.2;
						TestTargetID = 507C68501AD089E000D9EA9D;
					};
				};
			};
			buildConfigurationList = 507C684C1AD089E000D9EA9D /* Build configuration list for PBXProject "MLPrintably" */;
			compatibilityVersion = "Xcode 3.2";
			developmentRegion = English;
			hasScannedForEncodings = 0;
			knownRegions = (
				en,
				Base,
			);
			mainGroup = 507C68481AD089E000D9EA9D;
			productRefGroup = 507C68521AD089E000D9EA9D /* Products */;
			projectDirPath = "";
			projectRoot = "";
			targets = (
				507C68501AD089E000D9EA9D /* MLPrintably */,
				507C68691AD089E000D9EA9D /* MLPrintablyTests */,
			);
		};
/* End PBXProject section */

/* Begin PBXResourcesBuildPhase section */
		507C684F1AD089E000D9EA9D /* Resources */ = {
			isa = PBXResourcesBuildPhase;
			buildActionMask = 2147483647;
			files = (
				5016CEFB1AD12A070043327F /* ViewController.xib in Resources */,
				507C68621AD089E000D9EA9D /* Images.xcassets in Resources */,
			);
			runOnlyForDeploymentPostprocessing = 0;
		};
		507C68681AD089E000D9EA9D /* Resources */ = {
			isa = PBXResourcesBuildPhase;
			buildActionMask = 2147483647;
			files = (
			);
			runOnlyForDeploymentPostprocessing = 0;
		};
/* End PBXResourcesBuildPhase section */

/* Begin PBXSourcesBuildPhase section */
		507C684D1AD089E000D9EA9D /* Sources */ = {
			isa = PBXSourcesBuildPhase;
			buildActionMask = 2147483647;
			files = (
				507C685D1AD089E000D9EA9D /* ViewController.m in Sources */,
				507C685A1AD089E000D9EA9D /* AppDelegate.m in Sources */,
				507C68571AD089E000D9EA9D /* main.m in Sources */,
				507C687D1AD08A6C00D9EA9D /* Printably.m in Sources */,
			);
			runOnlyForDeploymentPostprocessing = 0;
		};
		507C68661AD089E000D9EA9D /* Sources */ = {
			isa = PBXSourcesBuildPhase;
			buildActionMask = 2147483647;
			files = (
				507C68711AD089E000D9EA9D /* MLPrintablyTests.m in Sources */,
			);
			runOnlyForDeploymentPostprocessing = 0;
		};
/* End PBXSourcesBuildPhase section */

/* Begin PBXTargetDependency section */
		507C686C1AD089E000D9EA9D /* PBXTargetDependency */ = {
			isa = PBXTargetDependency;
			target = 507C68501AD089E000D9EA9D /* MLPrintably */;
			targetProxy = 507C686B1AD089E000D9EA9D /* PBXContainerItemProxy */;
		};
/* End PBXTargetDependency section */

/* Begin XCBuildConfiguration section */
		507C68721AD089E000D9EA9D /* Debug */ = {
			isa = XCBuildConfiguration;
			buildSettings = {
				ALWAYS_SEARCH_USER_PATHS = NO;
				CLANG_CXX_LANGUAGE_STANDARD = "gnu++0x";
				CLANG_CXX_LIBRARY = "libc++";
				CLANG_ENABLE_MODULES = YES;
				CLANG_ENABLE_OBJC_ARC = YES;
				CLANG_WARN_BOOL_CONVERSION = YES;
				CLANG_WARN_CONSTANT_CONVERSION = YES;
				CLANG_WARN_DIRECT_OBJC_ISA_USAGE = YES_ERROR;
				CLANG_WARN_EMPTY_BODY = YES;
				CLANG_WARN_ENUM_CONVERSION = YES;
				CLANG_WARN_INT_CONVERSION = YES;
				CLANG_WARN_OBJC_ROOT_CLASS = YES_ERROR;
				CLANG_WARN_UNREACHABLE_CODE = YES;
				CLANG_WARN__DUPLICATE_METHOD_MATCH = YES;
				"CODE_SIGN_IDENTITY[sdk=iphoneos*]" = "iPhone Developer";
				COPY_PHASE_STRIP = NO;
				ENABLE_STRICT_OBJC_MSGSEND = YES;
				GCC_C_LANGUAGE_STANDARD = gnu99;
				GCC_DYNAMIC_NO_PIC = NO;
				GCC_OPTIMIZATION_LEVEL = 0;
				GCC_PREPROCESSOR_DEFINITIONS = (
					"DEBUG=1",
					"$(inherited)",
				);
				GCC_SYMBOLS_PRIVATE_EXTERN = NO;
				GCC_WARN_64_TO_32_BIT_CONVERSION = YES;
				GCC_WARN_ABOUT_RETURN_TYPE = YES_ERROR;
				GCC_WARN_UNDECLARED_SELECTOR = YES;
				GCC_WARN_UNINITIALIZED_AUTOS = YES_AGGRESSIVE;
				GCC_WARN_UNUSED_FUNCTION = YES;
				GCC_WARN_UNUSED_VARIABLE = YES;
				IPHONEOS_DEPLOYMENT_TARGET = 8.2;
				MTL_ENABLE_DEBUG_INFO = YES;
				ONLY_ACTIVE_ARCH = YES;
				SDKROOT = iphoneos;
				TARGETED_DEVICE_FAMILY = "1,2";
			};
			name = Debug;
		};
		507C68731AD089E000D9EA9D /* Release */ = {
			isa = XCBuildConfiguration;
			buildSettings = {
				ALWAYS_SEARCH_USER_PATHS = NO;
				CLANG_CXX_LANGUAGE_STANDARD = "gnu++0x";
				CLANG_CXX_LIBRARY = "libc++";
				CLANG_ENABLE_MODULES = YES;
				CLANG_ENABLE_OBJC_ARC = YES;
				CLANG_WARN_BOOL_CONVERSION = YES;
				CLANG_WARN_CONSTANT_CONVERSION = YES;
				CLANG_WARN_DIRECT_OBJC_ISA_USAGE = YES_ERROR;
				CLANG_WARN_EMPTY_BODY = YES;
				CLANG_WARN_ENUM_CONVERSION = YES;
				CLANG_WARN_INT_CONVERSION = YES;
				CLANG_WARN_OBJC_ROOT_CLASS = YES_ERROR;
				CLANG_WARN_UNREACHABLE_CODE = YES;
				CLANG_WARN__DUPLICATE_METHOD_MATCH = YES;
				"CODE_SIGN_IDENTITY[sdk=iphoneos*]" = "iPhone Developer";
				COPY_PHASE_STRIP = NO;
				ENABLE_NS_ASSERTIONS = NO;
				ENABLE_STRICT_OBJC_MSGSEND = YES;
				GCC_C_LANGUAGE_STANDARD = gnu99;
				GCC_WARN_64_TO_32_BIT_CONVERSION = YES;
				GCC_WARN_ABOUT_RETURN_TYPE = YES_ERROR;
				GCC_WARN_UNDECLARED_SELECTOR = YES;
				GCC_WARN_UNINITIALIZED_AUTOS = YES_AGGRESSIVE;
				GCC_WARN_UNUSED_FUNCTION = YES;
				GCC_WARN_UNUSED_VARIABLE = YES;
				IPHONEOS_DEPLOYMENT_TARGET = 8.2;
				MTL_ENABLE_DEBUG_INFO = NO;
				SDKROOT = iphoneos;
				TARGETED_DEVICE_FAMILY = "1,2";
				VALIDATE_PRODUCT = YES;
			};
			name = Release;
		};
		507C68751AD089E000D9EA9D /* Debug */ = {
			isa = XCBuildConfiguration;
			buildSettings = {
				ASSETCATALOG_COMPILER_APPICON_NAME = AppIcon;
				INFOPLIST_FILE = MLPrintably/Info.plist;
				IPHONEOS_DEPLOYMENT_TARGET = 7.0;
				LD_RUNPATH_SEARCH_PATHS = "$(inherited) @executable_path/Frameworks";
				PRODUCT_NAME = "$(TARGET_NAME)";
			};
			name = Debug;
		};
		507C68761AD089E000D9EA9D /* Release */ = {
			isa = XCBuildConfiguration;
			buildSettings = {
				ASSETCATALOG_COMPILER_APPICON_NAME = AppIcon;
				INFOPLIST_FILE = MLPrintably/Info.plist;
				IPHONEOS_DEPLOYMENT_TARGET = 7.0;
				LD_RUNPATH_SEARCH_PATHS = "$(inherited) @executable_path/Frameworks";
				PRODUCT_NAME = "$(TARGET_NAME)";
			};
			name = Release;
		};
		507C68781AD089E000D9EA9D /* Debug */ = {
			isa = XCBuildConfiguration;
			buildSettings = {
				BUNDLE_LOADER = "$(TEST_HOST)";
				FRAMEWORK_SEARCH_PATHS = (
					"$(SDKROOT)/Developer/Library/Frameworks",
					"$(inherited)",
				);
				GCC_PREPROCESSOR_DEFINITIONS = (
					"DEBUG=1",
					"$(inherited)",
				);
				INFOPLIST_FILE = MLPrintablyTests/Info.plist;
				LD_RUNPATH_SEARCH_PATHS = "$(inherited) @executable_path/Frameworks @loader_path/Frameworks";
				PRODUCT_NAME = "$(TARGET_NAME)";
				TEST_HOST = "$(BUILT_PRODUCTS_DIR)/MLPrintably.app/MLPrintably";
			};
			name = Debug;
		};
		507C68791AD089E000D9EA9D /* Release */ = {
			isa = XCBuildConfiguration;
			buildSettings = {
				BUNDLE_LOADER = "$(TEST_HOST)";
				FRAMEWORK_SEARCH_PATHS = (
					"$(SDKROOT)/Developer/Library/Frameworks",
					"$(inherited)",
				);
				INFOPLIST_FILE = MLPrintablyTests/Info.plist;
				LD_RUNPATH_SEARCH_PATHS = "$(inherited) @executable_path/Frameworks @loader_path/Frameworks";
				PRODUCT_NAME = "$(TARGET_NAME)";
				TEST_HOST = "$(BUILT_PRODUCTS_DIR)/MLPrintably.app/MLPrintably";
			};
			name = Release;
		};
/* End XCBuildConfiguration section */

/* Begin XCConfigurationList section */
		507C684C1AD089E000D9EA9D /* Build configuration list for PBXProject "MLPrintably" */ = {
			isa = XCConfigurationList;
			buildConfigurations = (
				507C68721AD089E000D9EA9D /* Debug */,
				507C68731AD089E000D9EA9D /* Release */,
			);
			defaultConfigurationIsVisible = 0;
			defaultConfigurationName = Release;
		};
		507C68741AD089E000D9EA9D /* Build configuration list for PBXNativeTarget "MLPrintably" */ = {
			isa = XCConfigurationList;
			buildConfigurations = (
				507C68751AD089E000D9EA9D /* Debug */,
				507C68761AD089E000D9EA9D /* Release */,
			);
			defaultConfigurationIsVisible = 0;
			defaultConfigurationName = Release;
		};
		507C68771AD089E000D9EA9D /* Build configuration list for PBXNativeTarget "MLPrintablyTests" */ = {
			isa = XCConfigurationList;
			buildConfigurations = (
				507C68781AD089E000D9EA9D /* Debug */,
				507C68791AD089E000D9EA9D /* Release */,
			);
			defaultConfigurationIsVisible = 0;
			defaultConfigurationName = Release;
		};
/* End XCConfigurationList section */
	};
	rootObject = 507C68491AD089E000D9EA9D /* Project object */;
}
